// !$*UTF8*$!
{
	archiveVersion = 1;
	classes = {
	};
	objectVersion = 50;
	objects = {

/* Begin PBXBuildFile section */
		899DBC9A20C068A800A8C7AF /* AppDelegate.swift in Sources */ = {isa = PBXBuildFile; fileRef = 899DBC9920C068A800A8C7AF /* AppDelegate.swift */; };
		899DBC9C20C068A800A8C7AF /* ViewController.swift in Sources */ = {isa = PBXBuildFile; fileRef = 899DBC9B20C068A800A8C7AF /* ViewController.swift */; };
		899DBC9F20C068A800A8C7AF /* Main.storyboard in Resources */ = {isa = PBXBuildFile; fileRef = 899DBC9D20C068A800A8C7AF /* Main.storyboard */; };
		899DBCA120C068AA00A8C7AF /* Assets.xcassets in Resources */ = {isa = PBXBuildFile; fileRef = 899DBCA020C068AA00A8C7AF /* Assets.xcassets */; };
		899DBCA420C068AA00A8C7AF /* LaunchScreen.storyboard in Resources */ = {isa = PBXBuildFile; fileRef = 899DBCA220C068AA00A8C7AF /* LaunchScreen.storyboard */; };
		899DBCAF20C068AB00A8C7AF /* demo_CameraTests.swift in Sources */ = {isa = PBXBuildFile; fileRef = 899DBCAE20C068AB00A8C7AF /* demo_CameraTests.swift */; };
		899DBCBA20C068AB00A8C7AF /* demo_CameraUITests.swift in Sources */ = {isa = PBXBuildFile; fileRef = 899DBCB920C068AB00A8C7AF /* demo_CameraUITests.swift */; };
/* End PBXBuildFile section */

/* Begin PBXContainerItemProxy section */
		899DBCAB20C068AB00A8C7AF /* PBXContainerItemProxy */ = {
			isa = PBXContainerItemProxy;
			containerPortal = 899DBC8E20C068A800A8C7AF /* Project object */;
			proxyType = 1;
			remoteGlobalIDString = 899DBC9520C068A800A8C7AF;
			remoteInfo = demo_Camera;
		};
		899DBCB620C068AB00A8C7AF /* PBXContainerItemProxy */ = {
			isa = PBXContainerItemProxy;
			containerPortal = 899DBC8E20C068A800A8C7AF /* Project object */;
			proxyType = 1;
			remoteGlobalIDString = 899DBC9520C068A800A8C7AF;
			remoteInfo = demo_Camera;
		};
/* End PBXContainerItemProxy section */

/* Begin PBXFileReference section */
		899DBC9620C068A800A8C7AF /* demo_Camera.app */ = {isa = PBXFileReference; explicitFileType = wrapper.application; includeInIndex = 0; path = demo_Camera.app; sourceTree = BUILT_PRODUCTS_DIR; };
		899DBC9920C068A800A8C7AF /* AppDelegate.swift */ = {isa = PBXFileReference; lastKnownFileType = sourcecode.swift; path = AppDelegate.swift; sourceTree = "<group>"; };
		899DBC9B20C068A800A8C7AF /* ViewController.swift */ = {isa = PBXFileReference; lastKnownFileType = sourcecode.swift; path = ViewController.swift; sourceTree = "<group>"; };
		899DBC9E20C068A800A8C7AF /* Base */ = {isa = PBXFileReference; lastKnownFileType = file.storyboard; name = Base; path = Base.lproj/Main.storyboard; sourceTree = "<group>"; };
		899DBCA020C068AA00A8C7AF /* Assets.xcassets */ = {isa = PBXFileReference; lastKnownFileType = folder.assetcatalog; path = Assets.xcassets; sourceTree = "<group>"; };
		899DBCA320C068AA00A8C7AF /* Base */ = {isa = PBXFileReference; lastKnownFileType = file.storyboard; name = Base; path = Base.lproj/LaunchScreen.storyboard; sourceTree = "<group>"; };
		899DBCA520C068AA00A8C7AF /* Info.plist */ = {isa = PBXFileReference; lastKnownFileType = text.plist.xml; path = Info.plist; sourceTree = "<group>"; };
		899DBCAA20C068AB00A8C7AF /* demo_CameraTests.xctest */ = {isa = PBXFileReference; explicitFileType = wrapper.cfbundle; includeInIndex = 0; path = demo_CameraTests.xctest; sourceTree = BUILT_PRODUCTS_DIR; };
		899DBCAE20C068AB00A8C7AF /* demo_CameraTests.swift */ = {isa = PBXFileReference; lastKnownFileType = sourcecode.swift; path = demo_CameraTests.swift; sourceTree = "<group>"; };
		899DBCB020C068AB00A8C7AF /* Info.plist */ = {isa = PBXFileReference; lastKnownFileType = text.plist.xml; path = Info.plist; sourceTree = "<group>"; };
		899DBCB520C068AB00A8C7AF /* demo_CameraUITests.xctest */ = {isa = PBXFileReference; explicitFileType = wrapper.cfbundle; includeInIndex = 0; path = demo_CameraUITests.xctest; sourceTree = BUILT_PRODUCTS_DIR; };
		899DBCB920C068AB00A8C7AF /* demo_CameraUITests.swift */ = {isa = PBXFileReference; lastKnownFileType = sourcecode.swift; path = demo_CameraUITests.swift; sourceTree = "<group>"; };
		899DBCBB20C068AB00A8C7AF /* Info.plist */ = {isa = PBXFileReference; lastKnownFileType = text.plist.xml; path = Info.plist; sourceTree = "<group>"; };
/* End PBXFileReference section */

/* Begin PBXFrameworksBuildPhase section */
		899DBC9320C068A800A8C7AF /* Frameworks */ = {
			isa = PBXFrameworksBuildPhase;
			buildActionMask = 2147483647;
			files = (
			);
			runOnlyForDeploymentPostprocessing = 0;
		};
		899DBCA720C068AB00A8C7AF /* Frameworks */ = {
			isa = PBXFrameworksBuildPhase;
			buildActionMask = 2147483647;
			files = (
			);
			runOnlyForDeploymentPostprocessing = 0;
		};
		899DBCB220C068AB00A8C7AF /* Frameworks */ = {
			isa = PBXFrameworksBuildPhase;
			buildActionMask = 2147483647;
			files = (
			);
			runOnlyForDeploymentPostprocessing = 0;
		};
/* End PBXFrameworksBuildPhase section */

/* Begin PBXGroup section */
		899DBC8D20C068A800A8C7AF = {
			isa = PBXGroup;
			children = (
				899DBC9820C068A800A8C7AF /* demo_Camera */,
				899DBCAD20C068AB00A8C7AF /* demo_CameraTests */,
				899DBCB820C068AB00A8C7AF /* demo_CameraUITests */,
				899DBC9720C068A800A8C7AF /* Products */,
			);
			sourceTree = "<group>";
		};
		899DBC9720C068A800A8C7AF /* Products */ = {
			isa = PBXGroup;
			children = (
				899DBC9620C068A800A8C7AF /* demo_Camera.app */,
				899DBCAA20C068AB00A8C7AF /* demo_CameraTests.xctest */,
				899DBCB520C068AB00A8C7AF /* demo_CameraUITests.xctest */,
			);
			name = Products;
			sourceTree = "<group>";
		};
		899DBC9820C068A800A8C7AF /* demo_Camera */ = {
			isa = PBXGroup;
			children = (
				899DBC9920C068A800A8C7AF /* AppDelegate.swift */,
				899DBC9B20C068A800A8C7AF /* ViewController.swift */,
				899DBC9D20C068A800A8C7AF /* Main.storyboard */,
				899DBCA020C068AA00A8C7AF /* Assets.xcassets */,
				899DBCA220C068AA00A8C7AF /* LaunchScreen.storyboard */,
				899DBCA520C068AA00A8C7AF /* Info.plist */,
			);
			path = demo_Camera;
			sourceTree = "<group>";
		};
		899DBCAD20C068AB00A8C7AF /* demo_CameraTests */ = {
			isa = PBXGroup;
			children = (
				899DBCAE20C068AB00A8C7AF /* demo_CameraTests.swift */,
				899DBCB020C068AB00A8C7AF /* Info.plist */,
			);
			path = demo_CameraTests;
			sourceTree = "<group>";
		};
		899DBCB820C068AB00A8C7AF /* demo_CameraUITests */ = {
			isa = PBXGroup;
			children = (
				899DBCB920C068AB00A8C7AF /* demo_CameraUITests.swift */,
				899DBCBB20C068AB00A8C7AF /* Info.plist */,
			);
			path = demo_CameraUITests;
			sourceTree = "<group>";
		};
/* End PBXGroup section */

/* Begin PBXNativeTarget section */
		899DBC9520C068A800A8C7AF /* demo_Camera */ = {
			isa = PBXNativeTarget;
			buildConfigurationList = 899DBCBE20C068AB00A8C7AF /* Build configuration list for PBXNativeTarget "demo_Camera" */;
			buildPhases = (
				899DBC9220C068A800A8C7AF /* Sources */,
				899DBC9320C068A800A8C7AF /* Frameworks */,
				899DBC9420C068A800A8C7AF /* Resources */,
			);
			buildRules = (
			);
			dependencies = (
			);
			name = demo_Camera;
			productName = demo_Camera;
			productReference = 899DBC9620C068A800A8C7AF /* demo_Camera.app */;
			productType = "com.apple.product-type.application";
		};
		899DBCA920C068AB00A8C7AF /* demo_CameraTests */ = {
			isa = PBXNativeTarget;
			buildConfigurationList = 899DBCC120C068AB00A8C7AF /* Build configuration list for PBXNativeTarget "demo_CameraTests" */;
			buildPhases = (
				899DBCA620C068AB00A8C7AF /* Sources */,
				899DBCA720C068AB00A8C7AF /* Frameworks */,
				899DBCA820C068AB00A8C7AF /* Resources */,
			);
			buildRules = (
			);
			dependencies = (
				899DBCAC20C068AB00A8C7AF /* PBXTargetDependency */,
			);
			name = demo_CameraTests;
			productName = demo_CameraTests;
			productReference = 899DBCAA20C068AB00A8C7AF /* demo_CameraTests.xctest */;
			productType = "com.apple.product-type.bundle.unit-test";
		};
		899DBCB420C068AB00A8C7AF /* demo_CameraUITests */ = {
			isa = PBXNativeTarget;
			buildConfigurationList = 899DBCC420C068AB00A8C7AF /* Build configuration list for PBXNativeTarget "demo_CameraUITests" */;
			buildPhases = (
				899DBCB120C068AB00A8C7AF /* Sources */,
				899DBCB220C068AB00A8C7AF /* Frameworks */,
				899DBCB320C068AB00A8C7AF /* Resources */,
			);
			buildRules = (
			);
			dependencies = (
				899DBCB720C068AB00A8C7AF /* PBXTargetDependency */,
			);
			name = demo_CameraUITests;
			productName = demo_CameraUITests;
			productReference = 899DBCB520C068AB00A8C7AF /* demo_CameraUITests.xctest */;
			productType = "com.apple.product-type.bundle.ui-testing";
		};
/* End PBXNativeTarget section */

/* Begin PBXProject section */
		899DBC8E20C068A800A8C7AF /* Project object */ = {
			isa = PBXProject;
			attributes = {
				LastSwiftUpdateCheck = 0930;
				LastUpgradeCheck = 0930;
				ORGANIZATIONNAME = "Kazuyuki Nakatsu";
				TargetAttributes = {
					899DBC9520C068A800A8C7AF = {
						CreatedOnToolsVersion = 9.3.1;
					};
					899DBCA920C068AB00A8C7AF = {
						CreatedOnToolsVersion = 9.3.1;
						TestTargetID = 899DBC9520C068A800A8C7AF;
					};
					899DBCB420C068AB00A8C7AF = {
						CreatedOnToolsVersion = 9.3.1;
						TestTargetID = 899DBC9520C068A800A8C7AF;
					};
				};
			};
			buildConfigurationList = 899DBC9120C068A800A8C7AF /* Build configuration list for PBXProject "demo_Camera" */;
			compatibilityVersion = "Xcode 9.3";
			developmentRegion = en;
			hasScannedForEncodings = 0;
			knownRegions = (
				en,
				Base,
			);
			mainGroup = 899DBC8D20C068A800A8C7AF;
			productRefGroup = 899DBC9720C068A800A8C7AF /* Products */;
			projectDirPath = "";
			projectRoot = "";
			targets = (
				899DBC9520C068A800A8C7AF /* demo_Camera */,
				899DBCA920C068AB00A8C7AF /* demo_CameraTests */,
				899DBCB420C068AB00A8C7AF /* demo_CameraUITests */,
			);
		};
/* End PBXProject section */

/* Begin PBXResourcesBuildPhase section */
		899DBC9420C068A800A8C7AF /* Resources */ = {
			isa = PBXResourcesBuildPhase;
			buildActionMask = 2147483647;
			files = (
				899DBCA420C068AA00A8C7AF /* LaunchScreen.storyboard in Resources */,
				899DBCA120C068AA00A8C7AF /* Assets.xcassets in Resources */,
				899DBC9F20C068A800A8C7AF /* Main.storyboard in Resources */,
			);
			runOnlyForDeploymentPostprocessing = 0;
		};
		899DBCA820C068AB00A8C7AF /* Resources */ = {
			isa = PBXResourcesBuildPhase;
			buildActionMask = 2147483647;
			files = (
			);
			runOnlyForDeploymentPostprocessing = 0;
		};
		899DBCB320C068AB00A8C7AF /* Resources */ = {
			isa = PBXResourcesBuildPhase;
			buildActionMask = 2147483647;
			files = (
			);
			runOnlyForDeploymentPostprocessing = 0;
		};
/* End PBXResourcesBuildPhase section */

/* Begin PBXSourcesBuildPhase section */
		899DBC9220C068A800A8C7AF /* Sources */ = {
			isa = PBXSourcesBuildPhase;
			buildActionMask = 2147483647;
			files = (
				899DBC9C20C068A800A8C7AF /* ViewController.swift in Sources */,
				899DBC9A20C068A800A8C7AF /* AppDelegate.swift in Sources */,
			);
			runOnlyForDeploymentPostprocessing = 0;
		};
		899DBCA620C068AB00A8C7AF /* Sources */ = {
			isa = PBXSourcesBuildPhase;
			buildActionMask = 2147483647;
			files = (
				899DBCAF20C068AB00A8C7AF /* demo_CameraTests.swift in Sources */,
			);
			runOnlyForDeploymentPostprocessing = 0;
		};
		899DBCB120C068AB00A8C7AF /* Sources */ = {
			isa = PBXSourcesBuildPhase;
			buildActionMask = 2147483647;
			files = (
				899DBCBA20C068AB00A8C7AF /* demo_CameraUITests.swift in Sources */,
			);
			runOnlyForDeploymentPostprocessing = 0;
		};
/* End PBXSourcesBuildPhase section */

/* Begin PBXTargetDependency section */
		899DBCAC20C068AB00A8C7AF /* PBXTargetDependency */ = {
			isa = PBXTargetDependency;
			target = 899DBC9520C068A800A8C7AF /* demo_Camera */;
			targetProxy = 899DBCAB20C068AB00A8C7AF /* PBXContainerItemProxy */;
		};
		899DBCB720C068AB00A8C7AF /* PBXTargetDependency */ = {
			isa = PBXTargetDependency;
			target = 899DBC9520C068A800A8C7AF /* demo_Camera */;
			targetProxy = 899DBCB620C068AB00A8C7AF /* PBXContainerItemProxy */;
		};
/* End PBXTargetDependency section */

/* Begin PBXVariantGroup section */
		899DBC9D20C068A800A8C7AF /* Main.storyboard */ = {
			isa = PBXVariantGroup;
			children = (
				899DBC9E20C068A800A8C7AF /* Base */,
			);
			name = Main.storyboard;
			sourceTree = "<group>";
		};
		899DBCA220C068AA00A8C7AF /* LaunchScreen.storyboard */ = {
			isa = PBXVariantGroup;
			children = (
				899DBCA320C068AA00A8C7AF /* Base */,
			);
			name = LaunchScreen.storyboard;
			sourceTree = "<group>";
		};
/* End PBXVariantGroup section */

/* Begin XCBuildConfiguration section */
		899DBCBC20C068AB00A8C7AF /* Debug */ = {
			isa = XCBuildConfiguration;
			buildSettings = {
				ALWAYS_SEARCH_USER_PATHS = NO;
				CLANG_ANALYZER_NONNULL = YES;
				CLANG_ANALYZER_NUMBER_OBJECT_CONVERSION = YES_AGGRESSIVE;
				CLANG_CXX_LANGUAGE_STANDARD = "gnu++14";
				CLANG_CXX_LIBRARY = "libc++";
				CLANG_ENABLE_MODULES = YES;
				CLANG_ENABLE_OBJC_ARC = YES;
				CLANG_ENABLE_OBJC_WEAK = YES;
				CLANG_WARN_BLOCK_CAPTURE_AUTORELEASING = YES;
				CLANG_WARN_BOOL_CONVERSION = YES;
				CLANG_WARN_COMMA = YES;
				CLANG_WARN_CONSTANT_CONVERSION = YES;
				CLANG_WARN_DEPRECATED_OBJC_IMPLEMENTATIONS = YES;
				CLANG_WARN_DIRECT_OBJC_ISA_USAGE = YES_ERROR;
				CLANG_WARN_DOCUMENTATION_COMMENTS = YES;
				CLANG_WARN_EMPTY_BODY = YES;
				CLANG_WARN_ENUM_CONVERSION = YES;
				CLANG_WARN_INFINITE_RECURSION = YES;
				CLANG_WARN_INT_CONVERSION = YES;
				CLANG_WARN_NON_LITERAL_NULL_CONVERSION = YES;
				CLANG_WARN_OBJC_IMPLICIT_RETAIN_SELF = YES;
				CLANG_WARN_OBJC_LITERAL_CONVERSION = YES;
				CLANG_WARN_OBJC_ROOT_CLASS = YES_ERROR;
				CLANG_WARN_RANGE_LOOP_ANALYSIS = YES;
				CLANG_WARN_STRICT_PROTOTYPES = YES;
				CLANG_WARN_SUSPICIOUS_MOVE = YES;
				CLANG_WARN_UNGUARDED_AVAILABILITY = YES_AGGRESSIVE;
				CLANG_WARN_UNREACHABLE_CODE = YES;
				CLANG_WARN__DUPLICATE_METHOD_MATCH = YES;
				CODE_SIGN_IDENTITY = "iPhone Developer";
				COPY_PHASE_STRIP = NO;
				DEBUG_INFORMATION_FORMAT = dwarf;
				ENABLE_STRICT_OBJC_MSGSEND = YES;
				ENABLE_TESTABILITY = YES;
				GCC_C_LANGUAGE_STANDARD = gnu11;
				GCC_DYNAMIC_NO_PIC = NO;
				GCC_NO_COMMON_BLOCKS = YES;
				GCC_OPTIMIZATION_LEVEL = 0;
				GCC_PREPROCESSOR_DEFINITIONS = (
					"DEBUG=1",
					"$(inherited)",
				);
				GCC_WARN_64_TO_32_BIT_CONVERSION = YES;
				GCC_WARN_ABOUT_RETURN_TYPE = YES_ERROR;
				GCC_WARN_UNDECLARED_SELECTOR = YES;
				GCC_WARN_UNINITIALIZED_AUTOS = YES_AGGRESSIVE;
				GCC_WARN_UNUSED_FUNCTION = YES;
				GCC_WARN_UNUSED_VARIABLE = YES;
				IPHONEOS_DEPLOYMENT_TARGET = 11.3;
				MTL_ENABLE_DEBUG_INFO = YES;
				ONLY_ACTIVE_ARCH = YES;
				SDKROOT = iphoneos;
				SWIFT_ACTIVE_COMPILATION_CONDITIONS = DEBUG;
				SWIFT_OPTIMIZATION_LEVEL = "-Onone";
			};
			name = Debug;
		};
		899DBCBD20C068AB00A8C7AF /* Release */ = {
			isa = XCBuildConfiguration;
			buildSettings = {
				ALWAYS_SEARCH_USER_PATHS = NO;
				CLANG_ANALYZER_NONNULL = YES;
				CLANG_ANALYZER_NUMBER_OBJECT_CONVERSION = YES_AGGRESSIVE;
				CLANG_CXX_LANGUAGE_STANDARD = "gnu++14";
				CLANG_CXX_LIBRARY = "libc++";
				CLANG_ENABLE_MODULES = YES;
				CLANG_ENABLE_OBJC_ARC = YES;
				CLANG_ENABLE_OBJC_WEAK = YES;
				CLANG_WARN_BLOCK_CAPTURE_AUTORELEASING = YES;
				CLANG_WARN_BOOL_CONVERSION = YES;
				CLANG_WARN_COMMA = YES;
				CLANG_WARN_CONSTANT_CONVERSION = YES;
				CLANG_WARN_DEPRECATED_OBJC_IMPLEMENTATIONS = YES;
				CLANG_WARN_DIRECT_OBJC_ISA_USAGE = YES_ERROR;
				CLANG_WARN_DOCUMENTATION_COMMENTS = YES;
				CLANG_WARN_EMPTY_BODY = YES;
				CLANG_WARN_ENUM_CONVERSION = YES;
				CLANG_WARN_INFINITE_RECURSION = YES;
				CLANG_WARN_INT_CONVERSION = YES;
				CLANG_WARN_NON_LITERAL_NULL_CONVERSION = YES;
				CLANG_WARN_OBJC_IMPLICIT_RETAIN_SELF = YES;
				CLANG_WARN_OBJC_LITERAL_CONVERSION = YES;
				CLANG_WARN_OBJC_ROOT_CLASS = YES_ERROR;
				CLANG_WARN_RANGE_LOOP_ANALYSIS = YES;
				CLANG_WARN_STRICT_PROTOTYPES = YES;
				CLANG_WARN_SUSPICIOUS_MOVE = YES;
				CLANG_WARN_UNGUARDED_AVAILABILITY = YES_AGGRESSIVE;
				CLANG_WARN_UNREACHABLE_CODE = YES;
				CLANG_WARN__DUPLICATE_METHOD_MATCH = YES;
				CODE_SIGN_IDENTITY = "iPhone Developer";
				COPY_PHASE_STRIP = NO;
				DEBUG_INFORMATION_FORMAT = "dwarf-with-dsym";
				ENABLE_NS_ASSERTIONS = NO;
				ENABLE_STRICT_OBJC_MSGSEND = YES;
				GCC_C_LANGUAGE_STANDARD = gnu11;
				GCC_NO_COMMON_BLOCKS = YES;
				GCC_WARN_64_TO_32_BIT_CONVERSION = YES;
				GCC_WARN_ABOUT_RETURN_TYPE = YES_ERROR;
				GCC_WARN_UNDECLARED_SELECTOR = YES;
				GCC_WARN_UNINITIALIZED_AUTOS = YES_AGGRESSIVE;
				GCC_WARN_UNUSED_FUNCTION = YES;
				GCC_WARN_UNUSED_VARIABLE = YES;
				IPHONEOS_DEPLOYMENT_TARGET = 11.3;
				MTL_ENABLE_DEBUG_INFO = NO;
				SDKROOT = iphoneos;
				SWIFT_COMPILATION_MODE = wholemodule;
				SWIFT_OPTIMIZATION_LEVEL = "-O";
				VALIDATE_PRODUCT = YES;
			};
			name = Release;
		};
		899DBCBF20C068AB00A8C7AF /* Debug */ = {
			isa = XCBuildConfiguration;
			buildSettings = {
				ASSETCATALOG_COMPILER_APPICON_NAME = AppIcon;
				CODE_SIGN_STYLE = Automatic;
				INFOPLIST_FILE = demo_Camera/Info.plist;
				LD_RUNPATH_SEARCH_PATHS = (
					"$(inherited)",
					"@executable_path/Frameworks",
				);
				PRODUCT_BUNDLE_IDENTIFIER = "FlyData.demo-Camera";
				PRODUCT_NAME = "$(TARGET_NAME)";
				SWIFT_VERSION = 4.0;
				TARGETED_DEVICE_FAMILY = "1,2";
			};
			name = Debug;
		};
		899DBCC020C068AB00A8C7AF /* Release */ = {
			isa = XCBuildConfiguration;
			buildSettings = {
				ASSETCATALOG_COMPILER_APPICON_NAME = AppIcon;
				CODE_SIGN_STYLE = Automatic;
				INFOPLIST_FILE = demo_Camera/Info.plist;
				LD_RUNPATH_SEARCH_PATHS = (
					"$(inherited)",
					"@executable_path/Frameworks",
				);
				PRODUCT_BUNDLE_IDENTIFIER = "FlyData.demo-Camera";
				PRODUCT_NAME = "$(TARGET_NAME)";
				SWIFT_VERSION = 4.0;
				TARGETED_DEVICE_FAMILY = "1,2";
			};
			name = Release;
		};
		899DBCC220C068AB00A8C7AF /* Debug */ = {
			isa = XCBuildConfiguration;
			buildSettings = {
				ALWAYS_EMBED_SWIFT_STANDARD_LIBRARIES = YES;
				BUNDLE_LOADER = "$(TEST_HOST)";
				CODE_SIGN_STYLE = Automatic;
				INFOPLIST_FILE = demo_CameraTests/Info.plist;
				LD_RUNPATH_SEARCH_PATHS = (
					"$(inherited)",
					"@executable_path/Frameworks",
					"@loader_path/Frameworks",
				);
				PRODUCT_BUNDLE_IDENTIFIER = "FlyData.demo-CameraTests";
				PRODUCT_NAME = "$(TARGET_NAME)";
				SWIFT_VERSION = 4.0;
				TARGETED_DEVICE_FAMILY = "1,2";
				TEST_HOST = "$(BUILT_PRODUCTS_DIR)/demo_Camera.app/demo_Camera";
			};
			name = Debug;
		};
		899DBCC320C068AB00A8C7AF /* Release */ = {
			isa = XCBuildConfiguration;
			buildSettings = {
				ALWAYS_EMBED_SWIFT_STANDARD_LIBRARIES = YES;
				BUNDLE_LOADER = "$(TEST_HOST)";
				CODE_SIGN_STYLE = Automatic;
				INFOPLIST_FILE = demo_CameraTests/Info.plist;
				LD_RUNPATH_SEARCH_PATHS = (
					"$(inherited)",
					"@executable_path/Frameworks",
					"@loader_path/Frameworks",
				);
				PRODUCT_BUNDLE_IDENTIFIER = "FlyData.demo-CameraTests";
				PRODUCT_NAME = "$(TARGET_NAME)";
				SWIFT_VERSION = 4.0;
				TARGETED_DEVICE_FAMILY = "1,2";
				TEST_HOST = "$(BUILT_PRODUCTS_DIR)/demo_Camera.app/demo_Camera";
			};
			name = Release;
		};
		899DBCC520C068AB00A8C7AF /* Debug */ = {
			isa = XCBuildConfiguration;
			buildSettings = {
				ALWAYS_EMBED_SWIFT_STANDARD_LIBRARIES = YES;
				CODE_SIGN_STYLE = Automatic;
				INFOPLIST_FILE = demo_CameraUITests/Info.plist;
				LD_RUNPATH_SEARCH_PATHS = (
					"$(inherited)",
					"@executable_path/Frameworks",
					"@loader_path/Frameworks",
				);
				PRODUCT_BUNDLE_IDENTIFIER = "FlyData.demo-CameraUITests";
				PRODUCT_NAME = "$(TARGET_NAME)";
				SWIFT_VERSION = 4.0;
				TARGETED_DEVICE_FAMILY = "1,2";
				TEST_TARGET_NAME = demo_Camera;
			};
			name = Debug;
		};
		899DBCC620C068AB00A8C7AF /* Release */ = {
			isa = XCBuildConfiguration;
			buildSettings = {
				ALWAYS_EMBED_SWIFT_STANDARD_LIBRARIES = YES;
				CODE_SIGN_STYLE = Automatic;
				INFOPLIST_FILE = demo_CameraUITests/Info.plist;
				LD_RUNPATH_SEARCH_PATHS = (
					"$(inherited)",
					"@executable_path/Frameworks",
					"@loader_path/Frameworks",
				);
				PRODUCT_BUNDLE_IDENTIFIER = "FlyData.demo-CameraUITests";
				PRODUCT_NAME = "$(TARGET_NAME)";
				SWIFT_VERSION = 4.0;
				TARGETED_DEVICE_FAMILY = "1,2";
				TEST_TARGET_NAME = demo_Camera;
			};
			name = Release;
		};
/* End XCBuildConfiguration section */

/* Begin XCConfigurationList section */
		899DBC9120C068A800A8C7AF /* Build configuration list for PBXProject "demo_Camera" */ = {
			isa = XCConfigurationList;
			buildConfigurations = (
				899DBCBC20C068AB00A8C7AF /* Debug */,
				899DBCBD20C068AB00A8C7AF /* Release */,
			);
			defaultConfigurationIsVisible = 0;
			defaultConfigurationName = Release;
		};
		899DBCBE20C068AB00A8C7AF /* Build configuration list for PBXNativeTarget "demo_Camera" */ = {
			isa = XCConfigurationList;
			buildConfigurations = (
				899DBCBF20C068AB00A8C7AF /* Debug */,
				899DBCC020C068AB00A8C7AF /* Release */,
			);
			defaultConfigurationIsVisible = 0;
			defaultConfigurationName = Release;
		};
		899DBCC120C068AB00A8C7AF /* Build configuration list for PBXNativeTarget "demo_CameraTests" */ = {
			isa = XCConfigurationList;
			buildConfigurations = (
				899DBCC220C068AB00A8C7AF /* Debug */,
				899DBCC320C068AB00A8C7AF /* Release */,
			);
			defaultConfigurationIsVisible = 0;
			defaultConfigurationName = Release;
		};
		899DBCC420C068AB00A8C7AF /* Build configuration list for PBXNativeTarget "demo_CameraUITests" */ = {
			isa = XCConfigurationList;
			buildConfigurations = (
				899DBCC520C068AB00A8C7AF /* Debug */,
				899DBCC620C068AB00A8C7AF /* Release */,
			);
			defaultConfigurationIsVisible = 0;
			defaultConfigurationName = Release;
		};
/* End XCConfigurationList section */
	};
	rootObject = 899DBC8E20C068A800A8C7AF /* Project object */;
}
